
Microsoft Visual Studio Solution File, Format Version 12.00
# Visual Studio Version 16
VisualStudioVersion = 16.0.30413.136
MinimumVisualStudioVersion = 10.0.40219.1
Project("{FAE04EC0-301F-11D3-BF4B-00C04F79EFBC}") = "WCFService", "WCFService\WCFService.csproj", "{7EB4F4EA-58A9-48B9-8081-309DF9C38BC8}"
EndProject
Project("{FAE04EC0-301F-11D3-BF4B-00C04F79EFBC}") = "MVC_WCFConsumption", "MVC_WCFConsumption\MVC_WCFConsumption.csproj", "{E7DEAFCD-3369-4315-91DD-E7009346EB50}"
	ProjectSection(ProjectDependencies) = postProject
		{7EB4F4EA-58A9-48B9-8081-309DF9C38BC8} = {7EB4F4EA-58A9-48B9-8081-309DF9C38BC8}
	EndProjectSection
EndProject
Global
	GlobalSection(SolutionConfigurationPlatforms) = preSolution
		Debug|Any CPU = Debug|Any CPU
		Release|Any CPU = Release|Any CPU
	EndGlobalSection
	GlobalSection(ProjectConfigurationPlatforms) = postSolution
		{7EB4F4EA-58A9-48B9-8081-309DF9C38BC8}.Debug|Any CPU.ActiveCfg = Debug|Any CPU
		{7EB4F4EA-58A9-48B9-8081-309DF9C38BC8}.Debug|Any CPU.Build.0 = Debug|Any CPU
		{7EB4F4EA-58A9-48B9-8081-309DF9C38BC8}.Release|Any CPU.ActiveCfg = Release|Any CPU
		{7EB4F4EA-58A9-48B9-8081-309DF9C38BC8}.Release|Any CPU.Build.0 = Release|Any CPU
		{E7DEAFCD-3369-4315-91DD-E7009346EB50}.Debug|Any CPU.ActiveCfg = Debug|Any CPU
		{E7DEAFCD-3369-4315-91DD-E7009346EB50}.Debug|Any CPU.Build.0 = Debug|Any CPU
		{E7DEAFCD-3369-4315-91DD-E7009346EB50}.Release|Any CPU.ActiveCfg = Release|Any CPU
		{E7DEAFCD-3369-4315-91DD-E7009346EB50}.Release|Any CPU.Build.0 = Release|Any CPU
	EndGlobalSection
	GlobalSection(SolutionProperties) = preSolution
		HideSolutionNode = FALSE
	EndGlobalSection
	GlobalSection(ExtensibilityGlobals) = postSolution
		SolutionGuid = {133B3C7B-37C7-4D2D-BFA6-FBB74FD0F551}
	EndGlobalSection
EndGlobal
